
Microsoft Visual Studio Solution File, Format Version 12.00
# Visual Studio 15
VisualStudioVersion = 15.0.28307.1300
MinimumVisualStudioVersion = 10.0.40219.1
Project("{FAE04EC0-301F-11D3-BF4B-00C04F79EFBC}") = "WindowsFormsApp3", "WindowsFormsApp3\WindowsFormsApp3.csproj", "{3C856F84-04D2-42A7-8C55-E449D06F8649}"
EndProject
Global
	GlobalSection(SolutionConfigurationPlatforms) = preSolution
		Debug|Any CPU = Debug|Any CPU
		Release|Any CPU = Release|Any CPU
	EndGlobalSection
	GlobalSection(ProjectConfigurationPlatforms) = postSolution
		{3C856F84-04D2-42A7-8C55-E449D06F8649}.Debug|Any CPU.ActiveCfg = Debug|Any CPU
		{3C856F84-04D2-42A7-8C55-E449D06F8649}.Debug|Any CPU.Build.0 = Debug|Any CPU
		{3C856F84-04D2-42A7-8C55-E449D06F8649}.Release|Any CPU.ActiveCfg = Release|Any CPU
		{3C856F84-04D2-42A7-8C55-E449D06F8649}.Release|Any CPU.Build.0 = Release|Any CPU
	EndGlobalSection
	GlobalSection(SolutionProperties) = preSolution
		HideSolutionNode = FALSE
	EndGlobalSection
	GlobalSection(ExtensibilityGlobals) = postSolution
		SolutionGuid = {3132FC71-4CB5-4ED2-87B6-1FE70372CEBA}
	EndGlobalSection
EndGlobal
